<Solution>
  <Folder Name="/src/">
    <Project Path="src/PromptVault.App/PromptVault.App.csproj" />
    <Project Path="src/PromptVault.Core/PromptVault.Core.csproj" />
  </Folder>
  <Folder Name="/tests/">
    <Project Path="tests/PromptVault.Tests/PromptVault.Tests.csproj" />
  </Folder>
  <Folder Name="/tools/">
    <Project Path="tools/PromptVault.Benchmark/PromptVault.Benchmark.csproj" />
    <Project Path="tools/PromptVault.AiWorker/PromptVault.AiWorker.csproj" />
    <Project Path="tools/PromptVault.AiEvaluation/PromptVault.AiEvaluation.csproj" />
    <Project Path="tools/PromptVault.ExternalIndexProbe/PromptVault.ExternalIndexProbe.csproj" />
    <Project Path="tools/PromptVault.PerformanceGate/PromptVault.PerformanceGate.csproj" />
    <Project Path="tools/PromptVault.SimilarityProbe/PromptVault.SimilarityProbe.csproj" />
    <Project Path="tools/PromptVault.M4UiSeed/PromptVault.M4UiSeed.csproj" />
    <Project Path="tools/PromptVault.M5BoardProbe/PromptVault.M5BoardProbe.csproj" />
    <Project Path="tools/PromptVault.M6Gate/PromptVault.M6Gate.csproj" />
    <Project Path="tools/PromptVault.MigrationProbe/PromptVault.MigrationProbe.csproj" />
    <Project Path="tools/PromptVault.VirtualizationProbe/PromptVault.VirtualizationProbe.csproj" />
  </Folder>
</Solution>
