<Solution>
  <Folder Name="/src/">
    <Project Path="src/PromptVault.App/PromptVault.App.csproj" />
    <Project Path="src/PromptVault.Core/PromptVault.Core.csproj" />
  </Folder>
  <Folder Name="/tests/">
    <Project Path="tests/PromptVault.Tests/PromptVault.Tests.csproj" />
  </Folder>
  <Folder Name="/tools/">
    <Project Path="tools/PromptVault.Benchmark/PromptVault.Benchmark.csproj" />
    <Project Path="tools/PromptVault.ExternalIndexProbe/PromptVault.ExternalIndexProbe.csproj" />
    <Project Path="tools/PromptVault.PerformanceGate/PromptVault.PerformanceGate.csproj" />
    <Project Path="tools/PromptVault.VirtualizationProbe/PromptVault.VirtualizationProbe.csproj" />
  </Folder>
</Solution>
